// !$*UTF8*$!
{
	archiveVersion = 1;
	classes = {
	};
	objectVersion = 50;
	objects = {

/* Begin PBXBuildFile section */
		FE8550EE228E4C98003E2D76 /* AppDelegate.swift in Sources */ = {isa = PBXBuildFile; fileRef = FE8550ED228E4C98003E2D76 /* AppDelegate.swift */; };
		FE8550F0228E4C98003E2D76 /* ViewController.swift in Sources */ = {isa = PBXBuildFile; fileRef = FE8550EF228E4C98003E2D76 /* ViewController.swift */; };
		FE8550F3228E4C98003E2D76 /* Main.storyboard in Resources */ = {isa = PBXBuildFile; fileRef = FE8550F1228E4C98003E2D76 /* Main.storyboard */; };
		FE8550F6228E4C98003E2D76 /* contohAnimasi.xcdatamodeld in Sources */ = {isa = PBXBuildFile; fileRef = FE8550F4228E4C98003E2D76 /* contohAnimasi.xcdatamodeld */; };
		FE8550F8228E4C98003E2D76 /* Assets.xcassets in Resources */ = {isa = PBXBuildFile; fileRef = FE8550F7228E4C98003E2D76 /* Assets.xcassets */; };
		FE8550FB228E4C98003E2D76 /* LaunchScreen.storyboard in Resources */ = {isa = PBXBuildFile; fileRef = FE8550F9228E4C98003E2D76 /* LaunchScreen.storyboard */; };
/* End PBXBuildFile section */

/* Begin PBXFileReference section */
		FE8550EA228E4C98003E2D76 /* contohAnimasi.app */ = {isa = PBXFileReference; explicitFileType = wrapper.application; includeInIndex = 0; path = contohAnimasi.app; sourceTree = BUILT_PRODUCTS_DIR; };
		FE8550ED228E4C98003E2D76 /* AppDelegate.swift */ = {isa = PBXFileReference; lastKnownFileType = sourcecode.swift; path = AppDelegate.swift; sourceTree = "<group>"; };
		FE8550EF228E4C98003E2D76 /* ViewController.swift */ = {isa = PBXFileReference; lastKnownFileType = sourcecode.swift; path = ViewController.swift; sourceTree = "<group>"; };
		FE8550F2228E4C98003E2D76 /* Base */ = {isa = PBXFileReference; lastKnownFileType = file.storyboard; name = Base; path = Base.lproj/Main.storyboard; sourceTree = "<group>"; };
		FE8550F5228E4C98003E2D76 /* contohAnimasi.xcdatamodel */ = {isa = PBXFileReference; lastKnownFileType = wrapper.xcdatamodel; path = contohAnimasi.xcdatamodel; sourceTree = "<group>"; };
		FE8550F7228E4C98003E2D76 /* Assets.xcassets */ = {isa = PBXFileReference; lastKnownFileType = folder.assetcatalog; path = Assets.xcassets; sourceTree = "<group>"; };
		FE8550FA228E4C98003E2D76 /* Base */ = {isa = PBXFileReference; lastKnownFileType = file.storyboard; name = Base; path = Base.lproj/LaunchScreen.storyboard; sourceTree = "<group>"; };
		FE8550FC228E4C98003E2D76 /* Info.plist */ = {isa = PBXFileReference; lastKnownFileType = text.plist.xml; path = Info.plist; sourceTree = "<group>"; };
/* End PBXFileReference section */

/* Begin PBXFrameworksBuildPhase section */
		FE8550E7228E4C98003E2D76 /* Frameworks */ = {
			isa = PBXFrameworksBuildPhase;
			buildActionMask = 2147483647;
			files = (
			);
			runOnlyForDeploymentPostprocessing = 0;
		};
/* End PBXFrameworksBuildPhase section */

/* Begin PBXGroup section */
		FE8550E1228E4C97003E2D76 = {
			isa = PBXGroup;
			children = (
				FE8550EC228E4C98003E2D76 /* contohAnimasi */,
				FE8550EB228E4C98003E2D76 /* Products */,
			);
			sourceTree = "<group>";
		};
		FE8550EB228E4C98003E2D76 /* Products */ = {
			isa = PBXGroup;
			children = (
				FE8550EA228E4C98003E2D76 /* contohAnimasi.app */,
			);
			name = Products;
			sourceTree = "<group>";
		};
		FE8550EC228E4C98003E2D76 /* contohAnimasi */ = {
			isa = PBXGroup;
			children = (
				FE8550ED228E4C98003E2D76 /* AppDelegate.swift */,
				FE8550EF228E4C98003E2D76 /* ViewController.swift */,
				FE8550F1228E4C98003E2D76 /* Main.storyboard */,
				FE8550F7228E4C98003E2D76 /* Assets.xcassets */,
				FE8550F9228E4C98003E2D76 /* LaunchScreen.storyboard */,
				FE8550FC228E4C98003E2D76 /* Info.plist */,
				FE8550F4228E4C98003E2D76 /* contohAnimasi.xcdatamodeld */,
			);
			path = contohAnimasi;
			sourceTree = "<group>";
		};
/* End PBXGroup section */

/* Begin PBXNativeTarget section */
		FE8550E9228E4C98003E2D76 /* contohAnimasi */ = {
			isa = PBXNativeTarget;
			buildConfigurationList = FE8550FF228E4C98003E2D76 /* Build configuration list for PBXNativeTarget "contohAnimasi" */;
			buildPhases = (
				FE8550E6228E4C98003E2D76 /* Sources */,
				FE8550E7228E4C98003E2D76 /* Frameworks */,
				FE8550E8228E4C98003E2D76 /* Resources */,
			);
			buildRules = (
			);
			dependencies = (
			);
			name = contohAnimasi;
			productName = contohAnimasi;
			productReference = FE8550EA228E4C98003E2D76 /* contohAnimasi.app */;
			productType = "com.apple.product-type.application";
		};
/* End PBXNativeTarget section */

/* Begin PBXProject section */
		FE8550E2228E4C97003E2D76 /* Project object */ = {
			isa = PBXProject;
			attributes = {
				LastSwiftUpdateCheck = 1020;
				LastUpgradeCheck = 1020;
				ORGANIZATIONNAME = "Ardi Muhammad Husen";
				TargetAttributes = {
					FE8550E9228E4C98003E2D76 = {
						CreatedOnToolsVersion = 10.2.1;
					};
				};
			};
			buildConfigurationList = FE8550E5228E4C97003E2D76 /* Build configuration list for PBXProject "contohAnimasi" */;
			compatibilityVersion = "Xcode 9.3";
			developmentRegion = en;
			hasScannedForEncodings = 0;
			knownRegions = (
				en,
				Base,
			);
			mainGroup = FE8550E1228E4C97003E2D76;
			productRefGroup = FE8550EB228E4C98003E2D76 /* Products */;
			projectDirPath = "";
			projectRoot = "";
			targets = (
				FE8550E9228E4C98003E2D76 /* contohAnimasi */,
			);
		};
/* End PBXProject section */

/* Begin PBXResourcesBuildPhase section */
		FE8550E8228E4C98003E2D76 /* Resources */ = {
			isa = PBXResourcesBuildPhase;
			buildActionMask = 2147483647;
			files = (
				FE8550FB228E4C98003E2D76 /* LaunchScreen.storyboard in Resources */,
				FE8550F8228E4C98003E2D76 /* Assets.xcassets in Resources */,
				FE8550F3228E4C98003E2D76 /* Main.storyboard in Resources */,
			);
			runOnlyForDeploymentPostprocessing = 0;
		};
/* End PBXResourcesBuildPhase section */

/* Begin PBXSourcesBuildPhase section */
		FE8550E6228E4C98003E2D76 /* Sources */ = {
			isa = PBXSourcesBuildPhase;
			buildActionMask = 2147483647;
			files = (
				FE8550F0228E4C98003E2D76 /* ViewController.swift in Sources */,
				FE8550EE228E4C98003E2D76 /* AppDelegate.swift in Sources */,
				FE8550F6228E4C98003E2D76 /* contohAnimasi.xcdatamodeld in Sources */,
			);
			runOnlyForDeploymentPostprocessing = 0;
		};
/* End PBXSourcesBuildPhase section */

/* Begin PBXVariantGroup section */
		FE8550F1228E4C98003E2D76 /* Main.storyboard */ = {
			isa = PBXVariantGroup;
			children = (
				FE8550F2228E4C98003E2D76 /* Base */,
			);
			name = Main.storyboard;
			sourceTree = "<group>";
		};
		FE8550F9228E4C98003E2D76 /* LaunchScreen.storyboard */ = {
			isa = PBXVariantGroup;
			children = (
				FE8550FA228E4C98003E2D76 /* Base */,
			);
			name = LaunchScreen.storyboard;
			sourceTree = "<group>";
		};
/* End PBXVariantGroup section */

/* Begin XCBuildConfiguration section */
		FE8550FD228E4C98003E2D76 /* Debug */ = {
			isa = XCBuildConfiguration;
			buildSettings = {
				ALWAYS_SEARCH_USER_PATHS = NO;
				CLANG_ANALYZER_NONNULL = YES;
				CLANG_ANALYZER_NUMBER_OBJECT_CONVERSION = YES_AGGRESSIVE;
				CLANG_CXX_LANGUAGE_STANDARD = "gnu++14";
				CLANG_CXX_LIBRARY = "libc++";
				CLANG_ENABLE_MODULES = YES;
				CLANG_ENABLE_OBJC_ARC = YES;
				CLANG_ENABLE_OBJC_WEAK = YES;
				CLANG_WARN_BLOCK_CAPTURE_AUTORELEASING = YES;
				CLANG_WARN_BOOL_CONVERSION = YES;
				CLANG_WARN_COMMA = YES;
				CLANG_WARN_CONSTANT_CONVERSION = YES;
				CLANG_WARN_DEPRECATED_OBJC_IMPLEMENTATIONS = YES;
				CLANG_WARN_DIRECT_OBJC_ISA_USAGE = YES_ERROR;
				CLANG_WARN_DOCUMENTATION_COMMENTS = YES;
				CLANG_WARN_EMPTY_BODY = YES;
				CLANG_WARN_ENUM_CONVERSION = YES;
				CLANG_WARN_INFINITE_RECURSION = YES;
				CLANG_WARN_INT_CONVERSION = YES;
				CLANG_WARN_NON_LITERAL_NULL_CONVERSION = YES;
				CLANG_WARN_OBJC_IMPLICIT_RETAIN_SELF = YES;
				CLANG_WARN_OBJC_LITERAL_CONVERSION = YES;
				CLANG_WARN_OBJC_ROOT_CLASS = YES_ERROR;
				CLANG_WARN_RANGE_LOOP_ANALYSIS = YES;
				CLANG_WARN_STRICT_PROTOTYPES = YES;
				CLANG_WARN_SUSPICIOUS_MOVE = YES;
				CLANG_WARN_UNGUARDED_AVAILABILITY = YES_AGGRESSIVE;
				CLANG_WARN_UNREACHABLE_CODE = YES;
				CLANG_WARN__DUPLICATE_METHOD_MATCH = YES;
				CODE_SIGN_IDENTITY = "iPhone Developer";
				COPY_PHASE_STRIP = NO;
				DEBUG_INFORMATION_FORMAT = dwarf;
				ENABLE_STRICT_OBJC_MSGSEND = YES;
				ENABLE_TESTABILITY = YES;
				GCC_C_LANGUAGE_STANDARD = gnu11;
				GCC_DYNAMIC_NO_PIC = NO;
				GCC_NO_COMMON_BLOCKS = YES;
				GCC_OPTIMIZATION_LEVEL = 0;
				GCC_PREPROCESSOR_DEFINITIONS = (
					"DEBUG=1",
					"$(inherited)",
				);
				GCC_WARN_64_TO_32_BIT_CONVERSION = YES;
				GCC_WARN_ABOUT_RETURN_TYPE = YES_ERROR;
				GCC_WARN_UNDECLARED_SELECTOR = YES;
				GCC_WARN_UNINITIALIZED_AUTOS = YES_AGGRESSIVE;
				GCC_WARN_UNUSED_FUNCTION = YES;
				GCC_WARN_UNUSED_VARIABLE = YES;
				IPHONEOS_DEPLOYMENT_TARGET = 12.2;
				MTL_ENABLE_DEBUG_INFO = INCLUDE_SOURCE;
				MTL_FAST_MATH = YES;
				ONLY_ACTIVE_ARCH = YES;
				SDKROOT = iphoneos;
				SWIFT_ACTIVE_COMPILATION_CONDITIONS = DEBUG;
				SWIFT_OPTIMIZATION_LEVEL = "-Onone";
			};
			name = Debug;
		};
		FE8550FE228E4C98003E2D76 /* Release */ = {
			isa = XCBuildConfiguration;
			buildSettings = {
				ALWAYS_SEARCH_USER_PATHS = NO;
				CLANG_ANALYZER_NONNULL = YES;
				CLANG_ANALYZER_NUMBER_OBJECT_CONVERSION = YES_AGGRESSIVE;
				CLANG_CXX_LANGUAGE_STANDARD = "gnu++14";
				CLANG_CXX_LIBRARY = "libc++";
				CLANG_ENABLE_MODULES = YES;
				CLANG_ENABLE_OBJC_ARC = YES;
				CLANG_ENABLE_OBJC_WEAK = YES;
				CLANG_WARN_BLOCK_CAPTURE_AUTORELEASING = YES;
				CLANG_WARN_BOOL_CONVERSION = YES;
				CLANG_WARN_COMMA = YES;
				CLANG_WARN_CONSTANT_CONVERSION = YES;
				CLANG_WARN_DEPRECATED_OBJC_IMPLEMENTATIONS = YES;
				CLANG_WARN_DIRECT_OBJC_ISA_USAGE = YES_ERROR;
				CLANG_WARN_DOCUMENTATION_COMMENTS = YES;
				CLANG_WARN_EMPTY_BODY = YES;
				CLANG_WARN_ENUM_CONVERSION = YES;
				CLANG_WARN_INFINITE_RECURSION = YES;
				CLANG_WARN_INT_CONVERSION = YES;
				CLANG_WARN_NON_LITERAL_NULL_CONVERSION = YES;
				CLANG_WARN_OBJC_IMPLICIT_RETAIN_SELF = YES;
				CLANG_WARN_OBJC_LITERAL_CONVERSION = YES;
				CLANG_WARN_OBJC_ROOT_CLASS = YES_ERROR;
				CLANG_WARN_RANGE_LOOP_ANALYSIS = YES;
				CLANG_WARN_STRICT_PROTOTYPES = YES;
				CLANG_WARN_SUSPICIOUS_MOVE = YES;
				CLANG_WARN_UNGUARDED_AVAILABILITY = YES_AGGRESSIVE;
				CLANG_WARN_UNREACHABLE_CODE = YES;
				CLANG_WARN__DUPLICATE_METHOD_MATCH = YES;
				CODE_SIGN_IDENTITY = "iPhone Developer";
				COPY_PHASE_STRIP = NO;
				DEBUG_INFORMATION_FORMAT = "dwarf-with-dsym";
				ENABLE_NS_ASSERTIONS = NO;
				ENABLE_STRICT_OBJC_MSGSEND = YES;
				GCC_C_LANGUAGE_STANDARD = gnu11;
				GCC_NO_COMMON_BLOCKS = YES;
				GCC_WARN_64_TO_32_BIT_CONVERSION = YES;
				GCC_WARN_ABOUT_RETURN_TYPE = YES_ERROR;
				GCC_WARN_UNDECLARED_SELECTOR = YES;
				GCC_WARN_UNINITIALIZED_AUTOS = YES_AGGRESSIVE;
				GCC_WARN_UNUSED_FUNCTION = YES;
				GCC_WARN_UNUSED_VARIABLE = YES;
				IPHONEOS_DEPLOYMENT_TARGET = 12.2;
				MTL_ENABLE_DEBUG_INFO = NO;
				MTL_FAST_MATH = YES;
				SDKROOT = iphoneos;
				SWIFT_COMPILATION_MODE = wholemodule;
				SWIFT_OPTIMIZATION_LEVEL = "-O";
				VALIDATE_PRODUCT = YES;
			};
			name = Release;
		};
		FE855100228E4C98003E2D76 /* Debug */ = {
			isa = XCBuildConfiguration;
			buildSettings = {
				ASSETCATALOG_COMPILER_APPICON_NAME = AppIcon;
				CODE_SIGN_STYLE = Automatic;
				DEVELOPMENT_TEAM = 427Y4H8F6K;
				INFOPLIST_FILE = contohAnimasi/Info.plist;
				LD_RUNPATH_SEARCH_PATHS = (
					"$(inherited)",
					"@executable_path/Frameworks",
				);
				PRODUCT_BUNDLE_IDENTIFIER = com.ardi.contohAnimasi;
				PRODUCT_NAME = "$(TARGET_NAME)";
				SWIFT_VERSION = 5.0;
				TARGETED_DEVICE_FAMILY = "1,2";
			};
			name = Debug;
		};
		FE855101228E4C98003E2D76 /* Release */ = {
			isa = XCBuildConfiguration;
			buildSettings = {
				ASSETCATALOG_COMPILER_APPICON_NAME = AppIcon;
				CODE_SIGN_STYLE = Automatic;
				DEVELOPMENT_TEAM = 427Y4H8F6K;
				INFOPLIST_FILE = contohAnimasi/Info.plist;
				LD_RUNPATH_SEARCH_PATHS = (
					"$(inherited)",
					"@executable_path/Frameworks",
				);
				PRODUCT_BUNDLE_IDENTIFIER = com.ardi.contohAnimasi;
				PRODUCT_NAME = "$(TARGET_NAME)";
				SWIFT_VERSION = 5.0;
				TARGETED_DEVICE_FAMILY = "1,2";
			};
			name = Release;
		};
/* End XCBuildConfiguration section */

/* Begin XCConfigurationList section */
		FE8550E5228E4C97003E2D76 /* Build configuration list for PBXProject "contohAnimasi" */ = {
			isa = XCConfigurationList;
			buildConfigurations = (
				FE8550FD228E4C98003E2D76 /* Debug */,
				FE8550FE228E4C98003E2D76 /* Release */,
			);
			defaultConfigurationIsVisible = 0;
			defaultConfigurationName = Release;
		};
		FE8550FF228E4C98003E2D76 /* Build configuration list for PBXNativeTarget "contohAnimasi" */ = {
			isa = XCConfigurationList;
			buildConfigurations = (
				FE855100228E4C98003E2D76 /* Debug */,
				FE855101228E4C98003E2D76 /* Release */,
			);
			defaultConfigurationIsVisible = 0;
			defaultConfigurationName = Release;
		};
/* End XCConfigurationList section */

/* Begin XCVersionGroup section */
		FE8550F4228E4C98003E2D76 /* contohAnimasi.xcdatamodeld */ = {
			isa = XCVersionGroup;
			children = (
				FE8550F5228E4C98003E2D76 /* contohAnimasi.xcdatamodel */,
			);
			currentVersion = FE8550F5228E4C98003E2D76 /* contohAnimasi.xcdatamodel */;
			path = contohAnimasi.xcdatamodeld;
			sourceTree = "<group>";
			versionGroupType = wrapper.xcdatamodel;
		};
/* End XCVersionGroup section */
	};
	rootObject = FE8550E2228E4C97003E2D76 /* Project object */;
}
